
Microsoft Visual Studio Solution File, Format Version 12.00
# Visual Studio Version 17
VisualStudioVersion = 17.12.35527.113
MinimumVisualStudioVersion = 10.0.40219.1
Project("{FAE04EC0-301F-11D3-BF4B-00C04F79EFBC}") = "Hotel.API", "Hotel.API\Hotel.API.csproj", "{147F52CB-3FAC-4C94-92C5-031CD61D8EF6}"
EndProject
Project("{FAE04EC0-301F-11D3-BF4B-00C04F79EFBC}") = "Hotel.Application", "Hotel.Application\Hotel.Application.csproj", "{E6D9503D-79E4-4EFA-B49A-DD7D981F715C}"
EndProject
Project("{FAE04EC0-301F-11D3-BF4B-00C04F79EFBC}") = "Hotel.Domain", "Hotel.Domain\Hotel.Domain.csproj", "{F6DC0E8C-A27D-41BA-A263-A3F98E9CB751}"
EndProject
Project("{FAE04EC0-301F-11D3-BF4B-00C04F79EFBC}") = "Hotel.Infrastructure", "Hotel.Infrastructure\Hotel.Infrastructure.csproj", "{7147A153-7A41-46D2-B3F0-0D57458CB11A}"
EndProject
Project("{2150E333-8FDC-42A3-9474-1A3956D46DE8}") = "resources", "resources", "{63998AC4-26E6-44F1-9A56-1C3F0C71A04D}"
EndProject
Global
	GlobalSection(SolutionConfigurationPlatforms) = preSolution
		Debug|Any CPU = Debug|Any CPU
		Release|Any CPU = Release|Any CPU
	EndGlobalSection
	GlobalSection(ProjectConfigurationPlatforms) = postSolution
		{147F52CB-3FAC-4C94-92C5-031CD61D8EF6}.Debug|Any CPU.ActiveCfg = Debug|Any CPU
		{147F52CB-3FAC-4C94-92C5-031CD61D8EF6}.Debug|Any CPU.Build.0 = Debug|Any CPU
		{147F52CB-3FAC-4C94-92C5-031CD61D8EF6}.Release|Any CPU.ActiveCfg = Release|Any CPU
		{147F52CB-3FAC-4C94-92C5-031CD61D8EF6}.Release|Any CPU.Build.0 = Release|Any CPU
		{E6D9503D-79E4-4EFA-B49A-DD7D981F715C}.Debug|Any CPU.ActiveCfg = Debug|Any CPU
		{E6D9503D-79E4-4EFA-B49A-DD7D981F715C}.Debug|Any CPU.Build.0 = Debug|Any CPU
		{E6D9503D-79E4-4EFA-B49A-DD7D981F715C}.Release|Any CPU.ActiveCfg = Release|Any CPU
		{E6D9503D-79E4-4EFA-B49A-DD7D981F715C}.Release|Any CPU.Build.0 = Release|Any CPU
		{F6DC0E8C-A27D-41BA-A263-A3F98E9CB751}.Debug|Any CPU.ActiveCfg = Debug|Any CPU
		{F6DC0E8C-A27D-41BA-A263-A3F98E9CB751}.Debug|Any CPU.Build.0 = Debug|Any CPU
		{F6DC0E8C-A27D-41BA-A263-A3F98E9CB751}.Release|Any CPU.ActiveCfg = Release|Any CPU
		{F6DC0E8C-A27D-41BA-A263-A3F98E9CB751}.Release|Any CPU.Build.0 = Release|Any CPU
		{7147A153-7A41-46D2-B3F0-0D57458CB11A}.Debug|Any CPU.ActiveCfg = Debug|Any CPU
		{7147A153-7A41-46D2-B3F0-0D57458CB11A}.Debug|Any CPU.Build.0 = Debug|Any CPU
		{7147A153-7A41-46D2-B3F0-0D57458CB11A}.Release|Any CPU.ActiveCfg = Release|Any CPU
		{7147A153-7A41-46D2-B3F0-0D57458CB11A}.Release|Any CPU.Build.0 = Release|Any CPU
	EndGlobalSection
	GlobalSection(SolutionProperties) = preSolution
		HideSolutionNode = FALSE
	EndGlobalSection
EndGlobal
